<?xml version="1.0" encoding="utf-8"?>
<Project ToolsVersion="4.0" xmlns="http://schemas.microsoft.com/developer/msbuild/2003">
  <ItemGroup>
    <Filter Include="Source Files">
      <UniqueIdentifier>{4FC737F1-C7A5-4376-A066-2A32D752A2FF}</UniqueIdentifier>
      <Extensions>cpp;c;cc;cxx;c++;cppm;ixx;def;odl;idl;hpj;bat;asm;asmx</Extensions>
    </Filter>
    <Filter Include="Header Files">
      <UniqueIdentifier>{93995380-89BD-4b04-88EB-625FBE52EBFB}</UniqueIdentifier>
      <Extensions>h;hh;hpp;hxx;h++;hm;inl;inc;ipp;xsd</Extensions>
    </Filter>
    <Filter Include="Resource Files">
      <UniqueIdentifier>{67DA6AB6-F800-4c08-8B7A-83BB121AAD01}</UniqueIdentifier>
      <Extensions>rc;ico;cur;bmp;dlg;rc2;rct;bin;rgs;gif;jpg;jpeg;jpe;resx;tiff;tif;png;wav;mfcribbon-ms</Extensions>
    </Filter>
  </ItemGroup>
  <ItemGroup>
    <ClCompile Include="main.cpp">
      <Filter>Source Files</Filter>
    </ClCompile>
    <ClCompile Include="Cube.cpp">
      <Filter>Source Files</Filter>
    </ClCompile>
    <ClCompile Include="Shader.cpp">
      <Filter>Source Files</Filter>
    </ClCompile>
    <ClCompile Include="Camera.cpp">
      <Filter>Source Files</Filter>
    </ClCompile>
    <ClCompile Include="OBJModel.cpp">
      <Filter>Source Files</Filter>
    </ClCompile>
    <ClCompile Include="Object.cpp">
      <Filter>Source Files</Filter>
    </ClCompile>
    <ClCompile Include="lodepng.cpp">
      <Filter>Source Files</Filter>
    </ClCompile>
  </ItemGroup>
  <ItemGroup>
    <ClInclude Include="main.h">
      <Filter>Header Files</Filter>
    </ClInclude>
    <ClInclude Include="Shader.h">
      <Filter>Header Files</Filter>
    </ClInclude>
    <ClInclude Include="Object.h">
      <Filter>Header Files</Filter>
    </ClInclude>
    <ClInclude Include="Camera.h">
      <Filter>Header Files</Filter>
    </ClInclude>
    <ClInclude Include="Cube.h">
      <Filter>Header Files</Filter>
    </ClInclude>
    <ClInclude Include="OBJModel.h">
      <Filter>Header Files</Filter>
    </ClInclude>
    <ClInclude Include="FileReader.h">
      <Filter>Header Files</Filter>
    </ClInclude>
    <ClInclude Include="LightingProperties.h">
      <Filter>Header Files</Filter>
    </ClInclude>
    <ClInclude Include="SlyLevelFile.h">
      <Filter>Header Files</Filter>
    </ClInclude>
    <ClInclude Include="sly_level_structs.h">
      <Filter>Header Files</Filter>
    </ClInclude>
    <ClInclude Include="sly_texture_structs.h">
      <Filter>Header Files</Filter>
    </ClInclude>
    <ClInclude Include="ez_stream.h">
      <Filter>Header Files</Filter>
    </ClInclude>
    <ClInclude Include="Sigscan.h">
      <Filter>Header Files</Filter>
    </ClInclude>
    <ClInclude Include="lodepng.h">
      <Filter>Header Files</Filter>
    </ClInclude>
  </ItemGroup>
  <ItemGroup>
    <Object Include="obj.obj">
      <Filter>Resource Files</Filter>
    </Object>
  </ItemGroup>
  <ItemGroup>
    <None Include="lit_object_shader_vertex.glsl">
      <Filter>Resource Files</Filter>
    </None>
    <None Include="colored_object_shader_vertex.glsl">
      <Filter>Resource Files</Filter>
    </None>
    <None Include="colored_object_shader_fragment.glsl">
      <Filter>Resource Files</Filter>
    </None>
    <None Include="..\..\Sly Experimentation\sly_1_wal\Sly 1 PS3 WAL Extracted\level.bin">
      <Filter>Resource Files</Filter>
    </None>
    <None Include="colored_sly_object_shader_fragment.glsl">
      <Filter>Resource Files</Filter>
    </None>
    <None Include="colored_sly_object_shader_vertex.glsl">
      <Filter>Resource Files</Filter>
    </None>
  </ItemGroup>
  <ItemGroup>
    <Text Include="lit_object_shader_fragment.glsl">
      <Filter>Resource Files</Filter>
    </Text>
  </ItemGroup>
</Project>